
Microsoft Visual Studio Solution File, Format Version 12.00
# Visual Studio 15
VisualStudioVersion = 15.0.28010.2046
MinimumVisualStudioVersion = 10.0.40219.1
Project("{FAE04EC0-301F-11D3-BF4B-00C04F79EFBC}") = "TuntiLeimaus", "TuntiLeimaus\TuntiLeimaus.csproj", "{69E3892E-C2D5-4677-88B8-5D4D724F427C}"
EndProject
Global
	GlobalSection(SolutionConfigurationPlatforms) = preSolution
		Debug|Any CPU = Debug|Any CPU
		Release|Any CPU = Release|Any CPU
	EndGlobalSection
	GlobalSection(ProjectConfigurationPlatforms) = postSolution
		{69E3892E-C2D5-4677-88B8-5D4D724F427C}.Debug|Any CPU.ActiveCfg = Debug|Any CPU
		{69E3892E-C2D5-4677-88B8-5D4D724F427C}.Debug|Any CPU.Build.0 = Debug|Any CPU
		{69E3892E-C2D5-4677-88B8-5D4D724F427C}.Release|Any CPU.ActiveCfg = Release|Any CPU
		{69E3892E-C2D5-4677-88B8-5D4D724F427C}.Release|Any CPU.Build.0 = Release|Any CPU
	EndGlobalSection
	GlobalSection(SolutionProperties) = preSolution
		HideSolutionNode = FALSE
	EndGlobalSection
	GlobalSection(ExtensibilityGlobals) = postSolution
		SolutionGuid = {50412792-686C-4C30-928B-3E6FF2E0CDE0}
	EndGlobalSection
EndGlobal
